// !$*UTF8*$!
{
	archiveVersion = 1;
	classes = {
	};
	objectVersion = 46;
	objects = {

/* Begin PBXBuildFile section */
		880B6D91189F067700B785B7 /* MoneyYouOweViewController.m in Sources */ = {isa = PBXBuildFile; fileRef = 880B6D90189F067700B785B7 /* MoneyYouOweViewController.m */; };
		880B6D94189F068A00B785B7 /* MoneySomeoneOwesYouViewController.m in Sources */ = {isa = PBXBuildFile; fileRef = 880B6D93189F068A00B785B7 /* MoneySomeoneOwesYouViewController.m */; };
		880B6D97189F087600B785B7 /* Home.m in Sources */ = {isa = PBXBuildFile; fileRef = 880B6D96189F087600B785B7 /* Home.m */; };
		880B6D9A189F08DA00B785B7 /* OwedMoney.m in Sources */ = {isa = PBXBuildFile; fileRef = 880B6D99189F08DA00B785B7 /* OwedMoney.m */; };
		88201B2B189D70A000CC298C /* Foundation.framework in Frameworks */ = {isa = PBXBuildFile; fileRef = 88201B2A189D70A000CC298C /* Foundation.framework */; };
		88201B2D189D70A000CC298C /* CoreGraphics.framework in Frameworks */ = {isa = PBXBuildFile; fileRef = 88201B2C189D70A000CC298C /* CoreGraphics.framework */; };
		88201B2F189D70A000CC298C /* UIKit.framework in Frameworks */ = {isa = PBXBuildFile; fileRef = 88201B2E189D70A000CC298C /* UIKit.framework */; };
		88201B31189D70A000CC298C /* CoreData.framework in Frameworks */ = {isa = PBXBuildFile; fileRef = 88201B30189D70A000CC298C /* CoreData.framework */; };
		88201B37189D70A000CC298C /* InfoPlist.strings in Resources */ = {isa = PBXBuildFile; fileRef = 88201B35189D70A000CC298C /* InfoPlist.strings */; };
		88201B39189D70A000CC298C /* main.m in Sources */ = {isa = PBXBuildFile; fileRef = 88201B38189D70A000CC298C /* main.m */; };
		88201B3D189D70A000CC298C /* FBCDAppDelegate.m in Sources */ = {isa = PBXBuildFile; fileRef = 88201B3C189D70A000CC298C /* FBCDAppDelegate.m */; };
		88201B40189D70A000CC298C /* iOU.xcdatamodeld in Sources */ = {isa = PBXBuildFile; fileRef = 88201B3E189D70A000CC298C /* iOU.xcdatamodeld */; };
		88201B42189D70A000CC298C /* Images.xcassets in Resources */ = {isa = PBXBuildFile; fileRef = 88201B41189D70A000CC298C /* Images.xcassets */; };
		88201B49189D70A000CC298C /* XCTest.framework in Frameworks */ = {isa = PBXBuildFile; fileRef = 88201B48189D70A000CC298C /* XCTest.framework */; };
		88201B4A189D70A000CC298C /* Foundation.framework in Frameworks */ = {isa = PBXBuildFile; fileRef = 88201B2A189D70A000CC298C /* Foundation.framework */; };
		88201B4B189D70A000CC298C /* UIKit.framework in Frameworks */ = {isa = PBXBuildFile; fileRef = 88201B2E189D70A000CC298C /* UIKit.framework */; };
		88201B4C189D70A000CC298C /* CoreData.framework in Frameworks */ = {isa = PBXBuildFile; fileRef = 88201B30189D70A000CC298C /* CoreData.framework */; };
		88201B54189D70A000CC298C /* InfoPlist.strings in Resources */ = {isa = PBXBuildFile; fileRef = 88201B52189D70A000CC298C /* InfoPlist.strings */; };
		88201B56189D70A000CC298C /* iOUTests.m in Sources */ = {isa = PBXBuildFile; fileRef = 88201B55189D70A000CC298C /* iOUTests.m */; };
		88201B60189D70DE00CC298C /* iOUStoryBoard.storyboard in Resources */ = {isa = PBXBuildFile; fileRef = 88201B5F189D70DE00CC298C /* iOUStoryBoard.storyboard */; };
		88201B66189D72AE00CC298C /* HomeTableViewController.m in Sources */ = {isa = PBXBuildFile; fileRef = 88201B65189D72AE00CC298C /* HomeTableViewController.m */; };
		88AD4BC518A066F200C4342A /* TheyOweMoney.m in Sources */ = {isa = PBXBuildFile; fileRef = 88AD4BC418A066F200C4342A /* TheyOweMoney.m */; };
/* End PBXBuildFile section */

/* Begin PBXContainerItemProxy section */
		88201B4D189D70A000CC298C /* PBXContainerItemProxy */ = {
			isa = PBXContainerItemProxy;
			containerPortal = 88201B1F189D70A000CC298C /* Project object */;
			proxyType = 1;
			remoteGlobalIDString = 88201B26189D70A000CC298C;
			remoteInfo = iOU;
		};
/* End PBXContainerItemProxy section */

/* Begin PBXFileReference section */
		880B6D8F189F067700B785B7 /* MoneyYouOweViewController.h */ = {isa = PBXFileReference; fileEncoding = 4; lastKnownFileType = sourcecode.c.h; path = MoneyYouOweViewController.h; sourceTree = "<group>"; };
		880B6D90189F067700B785B7 /* MoneyYouOweViewController.m */ = {isa = PBXFileReference; fileEncoding = 4; lastKnownFileType = sourcecode.c.objc; path = MoneyYouOweViewController.m; sourceTree = "<group>"; };
		880B6D92189F068A00B785B7 /* MoneySomeoneOwesYouViewController.h */ = {isa = PBXFileReference; fileEncoding = 4; lastKnownFileType = sourcecode.c.h; path = MoneySomeoneOwesYouViewController.h; sourceTree = "<group>"; };
		880B6D93189F068A00B785B7 /* MoneySomeoneOwesYouViewController.m */ = {isa = PBXFileReference; fileEncoding = 4; lastKnownFileType = sourcecode.c.objc; path = MoneySomeoneOwesYouViewController.m; sourceTree = "<group>"; };
		880B6D95189F087600B785B7 /* Home.h */ = {isa = PBXFileReference; fileEncoding = 4; lastKnownFileType = sourcecode.c.h; path = Home.h; sourceTree = "<group>"; };
		880B6D96189F087600B785B7 /* Home.m */ = {isa = PBXFileReference; fileEncoding = 4; lastKnownFileType = sourcecode.c.objc; path = Home.m; sourceTree = "<group>"; };
		880B6D98189F08DA00B785B7 /* OwedMoney.h */ = {isa = PBXFileReference; fileEncoding = 4; lastKnownFileType = sourcecode.c.h; path = OwedMoney.h; sourceTree = "<group>"; };
		880B6D99189F08DA00B785B7 /* OwedMoney.m */ = {isa = PBXFileReference; fileEncoding = 4; lastKnownFileType = sourcecode.c.objc; path = OwedMoney.m; sourceTree = "<group>"; };
		88201B27189D70A000CC298C /* iOU.app */ = {isa = PBXFileReference; explicitFileType = wrapper.application; includeInIndex = 0; path = iOU.app; sourceTree = BUILT_PRODUCTS_DIR; };
		88201B2A189D70A000CC298C /* Foundation.framework */ = {isa = PBXFileReference; lastKnownFileType = wrapper.framework; name = Foundation.framework; path = System/Library/Frameworks/Foundation.framework; sourceTree = SDKROOT; };
		88201B2C189D70A000CC298C /* CoreGraphics.framework */ = {isa = PBXFileReference; lastKnownFileType = wrapper.framework; name = CoreGraphics.framework; path = System/Library/Frameworks/CoreGraphics.framework; sourceTree = SDKROOT; };
		88201B2E189D70A000CC298C /* UIKit.framework */ = {isa = PBXFileReference; lastKnownFileType = wrapper.framework; name = UIKit.framework; path = System/Library/Frameworks/UIKit.framework; sourceTree = SDKROOT; };
		88201B30189D70A000CC298C /* CoreData.framework */ = {isa = PBXFileReference; lastKnownFileType = wrapper.framework; name = CoreData.framework; path = System/Library/Frameworks/CoreData.framework; sourceTree = SDKROOT; };
		88201B34189D70A000CC298C /* iOU-Info.plist */ = {isa = PBXFileReference; lastKnownFileType = text.plist.xml; path = "iOU-Info.plist"; sourceTree = "<group>"; };
		88201B36189D70A000CC298C /* en */ = {isa = PBXFileReference; lastKnownFileType = text.plist.strings; name = en; path = en.lproj/InfoPlist.strings; sourceTree = "<group>"; };
		88201B38189D70A000CC298C /* main.m */ = {isa = PBXFileReference; lastKnownFileType = sourcecode.c.objc; path = main.m; sourceTree = "<group>"; };
		88201B3A189D70A000CC298C /* iOU-Prefix.pch */ = {isa = PBXFileReference; lastKnownFileType = sourcecode.c.h; path = "iOU-Prefix.pch"; sourceTree = "<group>"; };
		88201B3B189D70A000CC298C /* FBCDAppDelegate.h */ = {isa = PBXFileReference; lastKnownFileType = sourcecode.c.h; path = FBCDAppDelegate.h; sourceTree = "<group>"; };
		88201B3C189D70A000CC298C /* FBCDAppDelegate.m */ = {isa = PBXFileReference; lastKnownFileType = sourcecode.c.objc; path = FBCDAppDelegate.m; sourceTree = "<group>"; };
		88201B3F189D70A000CC298C /* iOU.xcdatamodel */ = {isa = PBXFileReference; lastKnownFileType = wrapper.xcdatamodel; path = iOU.xcdatamodel; sourceTree = "<group>"; };
		88201B41189D70A000CC298C /* Images.xcassets */ = {isa = PBXFileReference; lastKnownFileType = folder.assetcatalog; path = Images.xcassets; sourceTree = "<group>"; };
		88201B47189D70A000CC298C /* iOUTests.xctest */ = {isa = PBXFileReference; explicitFileType = wrapper.cfbundle; includeInIndex = 0; path = iOUTests.xctest; sourceTree = BUILT_PRODUCTS_DIR; };
		88201B48189D70A000CC298C /* XCTest.framework */ = {isa = PBXFileReference; lastKnownFileType = wrapper.framework; name = XCTest.framework; path = Library/Frameworks/XCTest.framework; sourceTree = DEVELOPER_DIR; };
		88201B51189D70A000CC298C /* iOUTests-Info.plist */ = {isa = PBXFileReference; lastKnownFileType = text.plist.xml; path = "iOUTests-Info.plist"; sourceTree = "<group>"; };
		88201B53189D70A000CC298C /* en */ = {isa = PBXFileReference; lastKnownFileType = text.plist.strings; name = en; path = en.lproj/InfoPlist.strings; sourceTree = "<group>"; };
		88201B55189D70A000CC298C /* iOUTests.m */ = {isa = PBXFileReference; lastKnownFileType = sourcecode.c.objc; path = iOUTests.m; sourceTree = "<group>"; };
		88201B5F189D70DE00CC298C /* iOUStoryBoard.storyboard */ = {isa = PBXFileReference; fileEncoding = 4; lastKnownFileType = file.storyboard; path = iOUStoryBoard.storyboard; sourceTree = "<group>"; };
		88201B64189D72AE00CC298C /* HomeTableViewController.h */ = {isa = PBXFileReference; fileEncoding = 4; lastKnownFileType = sourcecode.c.h; path = HomeTableViewController.h; sourceTree = "<group>"; };
		88201B65189D72AE00CC298C /* HomeTableViewController.m */ = {isa = PBXFileReference; fileEncoding = 4; lastKnownFileType = sourcecode.c.objc; path = HomeTableViewController.m; sourceTree = "<group>"; };
		88AD4BC318A066F200C4342A /* TheyOweMoney.h */ = {isa = PBXFileReference; fileEncoding = 4; lastKnownFileType = sourcecode.c.h; path = TheyOweMoney.h; sourceTree = "<group>"; };
		88AD4BC418A066F200C4342A /* TheyOweMoney.m */ = {isa = PBXFileReference; fileEncoding = 4; lastKnownFileType = sourcecode.c.objc; path = TheyOweMoney.m; sourceTree = "<group>"; };
/* End PBXFileReference section */

/* Begin PBXFrameworksBuildPhase section */
		88201B24189D70A000CC298C /* Frameworks */ = {
			isa = PBXFrameworksBuildPhase;
			buildActionMask = 2147483647;
			files = (
				88201B2D189D70A000CC298C /* CoreGraphics.framework in Frameworks */,
				88201B31189D70A000CC298C /* CoreData.framework in Frameworks */,
				88201B2F189D70A000CC298C /* UIKit.framework in Frameworks */,
				88201B2B189D70A000CC298C /* Foundation.framework in Frameworks */,
			);
			runOnlyForDeploymentPostprocessing = 0;
		};
		88201B44189D70A000CC298C /* Frameworks */ = {
			isa = PBXFrameworksBuildPhase;
			buildActionMask = 2147483647;
			files = (
				88201B49189D70A000CC298C /* XCTest.framework in Frameworks */,
				88201B4C189D70A000CC298C /* CoreData.framework in Frameworks */,
				88201B4B189D70A000CC298C /* UIKit.framework in Frameworks */,
				88201B4A189D70A000CC298C /* Foundation.framework in Frameworks */,
			);
			runOnlyForDeploymentPostprocessing = 0;
		};
/* End PBXFrameworksBuildPhase section */

/* Begin PBXGroup section */
		88201B1E189D70A000CC298C = {
			isa = PBXGroup;
			children = (
				88201B32189D70A000CC298C /* iOU */,
				88201B4F189D70A000CC298C /* iOUTests */,
				88201B29189D70A000CC298C /* Frameworks */,
				88201B28189D70A000CC298C /* Products */,
			);
			sourceTree = "<group>";
		};
		88201B28189D70A000CC298C /* Products */ = {
			isa = PBXGroup;
			children = (
				88201B27189D70A000CC298C /* iOU.app */,
				88201B47189D70A000CC298C /* iOUTests.xctest */,
			);
			name = Products;
			sourceTree = "<group>";
		};
		88201B29189D70A000CC298C /* Frameworks */ = {
			isa = PBXGroup;
			children = (
				88201B2A189D70A000CC298C /* Foundation.framework */,
				88201B2C189D70A000CC298C /* CoreGraphics.framework */,
				88201B2E189D70A000CC298C /* UIKit.framework */,
				88201B30189D70A000CC298C /* CoreData.framework */,
				88201B48189D70A000CC298C /* XCTest.framework */,
			);
			name = Frameworks;
			sourceTree = "<group>";
		};
		88201B32189D70A000CC298C /* iOU */ = {
			isa = PBXGroup;
			children = (
				88201B3B189D70A000CC298C /* FBCDAppDelegate.h */,
				88201B3C189D70A000CC298C /* FBCDAppDelegate.m */,
				88201B64189D72AE00CC298C /* HomeTableViewController.h */,
				88201B65189D72AE00CC298C /* HomeTableViewController.m */,
				88201B5F189D70DE00CC298C /* iOUStoryBoard.storyboard */,
				880B6D92189F068A00B785B7 /* MoneySomeoneOwesYouViewController.h */,
				880B6D93189F068A00B785B7 /* MoneySomeoneOwesYouViewController.m */,
				880B6D8F189F067700B785B7 /* MoneyYouOweViewController.h */,
				880B6D90189F067700B785B7 /* MoneyYouOweViewController.m */,
				88201B41189D70A000CC298C /* Images.xcassets */,
				88AD4BC318A066F200C4342A /* TheyOweMoney.h */,
				88AD4BC418A066F200C4342A /* TheyOweMoney.m */,
				880B6D95189F087600B785B7 /* Home.h */,
				880B6D96189F087600B785B7 /* Home.m */,
				88201B3E189D70A000CC298C /* iOU.xcdatamodeld */,
				880B6D98189F08DA00B785B7 /* OwedMoney.h */,
				880B6D99189F08DA00B785B7 /* OwedMoney.m */,
				88201B33189D70A000CC298C /* Supporting Files */,
			);
			path = iOU;
			sourceTree = "<group>";
		};
		88201B33189D70A000CC298C /* Supporting Files */ = {
			isa = PBXGroup;
			children = (
				88201B34189D70A000CC298C /* iOU-Info.plist */,
				88201B35189D70A000CC298C /* InfoPlist.strings */,
				88201B38189D70A000CC298C /* main.m */,
				88201B3A189D70A000CC298C /* iOU-Prefix.pch */,
			);
			name = "Supporting Files";
			sourceTree = "<group>";
		};
		88201B4F189D70A000CC298C /* iOUTests */ = {
			isa = PBXGroup;
			children = (
				88201B55189D70A000CC298C /* iOUTests.m */,
				88201B50189D70A000CC298C /* Supporting Files */,
			);
			path = iOUTests;
			sourceTree = "<group>";
		};
		88201B50189D70A000CC298C /* Supporting Files */ = {
			isa = PBXGroup;
			children = (
				88201B51189D70A000CC298C /* iOUTests-Info.plist */,
				88201B52189D70A000CC298C /* InfoPlist.strings */,
			);
			name = "Supporting Files";
			sourceTree = "<group>";
		};
/* End PBXGroup section */

/* Begin PBXNativeTarget section */
		88201B26189D70A000CC298C /* iOU */ = {
			isa = PBXNativeTarget;
			buildConfigurationList = 88201B59189D70A000CC298C /* Build configuration list for PBXNativeTarget "iOU" */;
			buildPhases = (
				88201B23189D70A000CC298C /* Sources */,
				88201B24189D70A000CC298C /* Frameworks */,
				88201B25189D70A000CC298C /* Resources */,
			);
			buildRules = (
			);
			dependencies = (
			);
			name = iOU;
			productName = iOU;
			productReference = 88201B27189D70A000CC298C /* iOU.app */;
			productType = "com.apple.product-type.application";
		};
		88201B46189D70A000CC298C /* iOUTests */ = {
			isa = PBXNativeTarget;
			buildConfigurationList = 88201B5C189D70A000CC298C /* Build configuration list for PBXNativeTarget "iOUTests" */;
			buildPhases = (
				88201B43189D70A000CC298C /* Sources */,
				88201B44189D70A000CC298C /* Frameworks */,
				88201B45189D70A000CC298C /* Resources */,
			);
			buildRules = (
			);
			dependencies = (
				88201B4E189D70A000CC298C /* PBXTargetDependency */,
			);
			name = iOUTests;
			productName = iOUTests;
			productReference = 88201B47189D70A000CC298C /* iOUTests.xctest */;
			productType = "com.apple.product-type.bundle.unit-test";
		};
/* End PBXNativeTarget section */

/* Begin PBXProject section */
		88201B1F189D70A000CC298C /* Project object */ = {
			isa = PBXProject;
			attributes = {
				CLASSPREFIX = FBCD;
				LastUpgradeCheck = 0500;
				ORGANIZATIONNAME = Testflight;
				TargetAttributes = {
					88201B46189D70A000CC298C = {
						TestTargetID = 88201B26189D70A000CC298C;
					};
				};
			};
			buildConfigurationList = 88201B22189D70A000CC298C /* Build configuration list for PBXProject "iOU" */;
			compatibilityVersion = "Xcode 3.2";
			developmentRegion = English;
			hasScannedForEncodings = 0;
			knownRegions = (
				en,
			);
			mainGroup = 88201B1E189D70A000CC298C;
			productRefGroup = 88201B28189D70A000CC298C /* Products */;
			projectDirPath = "";
			projectRoot = "";
			targets = (
				88201B26189D70A000CC298C /* iOU */,
				88201B46189D70A000CC298C /* iOUTests */,
			);
		};
/* End PBXProject section */

/* Begin PBXResourcesBuildPhase section */
		88201B25189D70A000CC298C /* Resources */ = {
			isa = PBXResourcesBuildPhase;
			buildActionMask = 2147483647;
			files = (
				88201B60189D70DE00CC298C /* iOUStoryBoard.storyboard in Resources */,
				88201B37189D70A000CC298C /* InfoPlist.strings in Resources */,
				88201B42189D70A000CC298C /* Images.xcassets in Resources */,
			);
			runOnlyForDeploymentPostprocessing = 0;
		};
		88201B45189D70A000CC298C /* Resources */ = {
			isa = PBXResourcesBuildPhase;
			buildActionMask = 2147483647;
			files = (
				88201B54189D70A000CC298C /* InfoPlist.strings in Resources */,
			);
			runOnlyForDeploymentPostprocessing = 0;
		};
/* End PBXResourcesBuildPhase section */

/* Begin PBXSourcesBuildPhase section */
		88201B23189D70A000CC298C /* Sources */ = {
			isa = PBXSourcesBuildPhase;
			buildActionMask = 2147483647;
			files = (
				88201B66189D72AE00CC298C /* HomeTableViewController.m in Sources */,
				880B6D91189F067700B785B7 /* MoneyYouOweViewController.m in Sources */,
				880B6D94189F068A00B785B7 /* MoneySomeoneOwesYouViewController.m in Sources */,
				88201B39189D70A000CC298C /* main.m in Sources */,
				880B6D97189F087600B785B7 /* Home.m in Sources */,
				88AD4BC518A066F200C4342A /* TheyOweMoney.m in Sources */,
				880B6D9A189F08DA00B785B7 /* OwedMoney.m in Sources */,
				88201B3D189D70A000CC298C /* FBCDAppDelegate.m in Sources */,
				88201B40189D70A000CC298C /* iOU.xcdatamodeld in Sources */,
			);
			runOnlyForDeploymentPostprocessing = 0;
		};
		88201B43189D70A000CC298C /* Sources */ = {
			isa = PBXSourcesBuildPhase;
			buildActionMask = 2147483647;
			files = (
				88201B56189D70A000CC298C /* iOUTests.m in Sources */,
			);
			runOnlyForDeploymentPostprocessing = 0;
		};
/* End PBXSourcesBuildPhase section */

/* Begin PBXTargetDependency section */
		88201B4E189D70A000CC298C /* PBXTargetDependency */ = {
			isa = PBXTargetDependency;
			target = 88201B26189D70A000CC298C /* iOU */;
			targetProxy = 88201B4D189D70A000CC298C /* PBXContainerItemProxy */;
		};
/* End PBXTargetDependency section */

/* Begin PBXVariantGroup section */
		88201B35189D70A000CC298C /* InfoPlist.strings */ = {
			isa = PBXVariantGroup;
			children = (
				88201B36189D70A000CC298C /* en */,
			);
			name = InfoPlist.strings;
			sourceTree = "<group>";
		};
		88201B52189D70A000CC298C /* InfoPlist.strings */ = {
			isa = PBXVariantGroup;
			children = (
				88201B53189D70A000CC298C /* en */,
			);
			name = InfoPlist.strings;
			sourceTree = "<group>";
		};
/* End PBXVariantGroup section */

/* Begin XCBuildConfiguration section */
		88201B57189D70A000CC298C /* Debug */ = {
			isa = XCBuildConfiguration;
			buildSettings = {
				ALWAYS_SEARCH_USER_PATHS = NO;
				ARCHS = "$(ARCHS_STANDARD_INCLUDING_64_BIT)";
				CLANG_CXX_LANGUAGE_STANDARD = "gnu++0x";
				CLANG_CXX_LIBRARY = "libc++";
				CLANG_ENABLE_MODULES = YES;
				CLANG_ENABLE_OBJC_ARC = YES;
				CLANG_WARN_BOOL_CONVERSION = YES;
				CLANG_WARN_CONSTANT_CONVERSION = YES;
				CLANG_WARN_DIRECT_OBJC_ISA_USAGE = YES_ERROR;
				CLANG_WARN_EMPTY_BODY = YES;
				CLANG_WARN_ENUM_CONVERSION = YES;
				CLANG_WARN_INT_CONVERSION = YES;
				CLANG_WARN_OBJC_ROOT_CLASS = YES_ERROR;
				CLANG_WARN__DUPLICATE_METHOD_MATCH = YES;
				"CODE_SIGN_IDENTITY[sdk=iphoneos*]" = "iPhone Developer";
				COPY_PHASE_STRIP = NO;
				GCC_C_LANGUAGE_STANDARD = gnu99;
				GCC_DYNAMIC_NO_PIC = NO;
				GCC_OPTIMIZATION_LEVEL = 0;
				GCC_PREPROCESSOR_DEFINITIONS = (
					"DEBUG=1",
					"$(inherited)",
				);
				GCC_SYMBOLS_PRIVATE_EXTERN = NO;
				GCC_WARN_64_TO_32_BIT_CONVERSION = YES;
				GCC_WARN_ABOUT_RETURN_TYPE = YES_ERROR;
				GCC_WARN_UNDECLARED_SELECTOR = YES;
				GCC_WARN_UNINITIALIZED_AUTOS = YES;
				GCC_WARN_UNUSED_FUNCTION = YES;
				GCC_WARN_UNUSED_VARIABLE = YES;
				IPHONEOS_DEPLOYMENT_TARGET = 7.0;
				ONLY_ACTIVE_ARCH = YES;
				SDKROOT = iphoneos;
			};
			name = Debug;
		};
		88201B58189D70A000CC298C /* Release */ = {
			isa = XCBuildConfiguration;
			buildSettings = {
				ALWAYS_SEARCH_USER_PATHS = NO;
				ARCHS = "$(ARCHS_STANDARD_INCLUDING_64_BIT)";
				CLANG_CXX_LANGUAGE_STANDARD = "gnu++0x";
				CLANG_CXX_LIBRARY = "libc++";
				CLANG_ENABLE_MODULES = YES;
				CLANG_ENABLE_OBJC_ARC = YES;
				CLANG_WARN_BOOL_CONVERSION = YES;
				CLANG_WARN_CONSTANT_CONVERSION = YES;
				CLANG_WARN_DIRECT_OBJC_ISA_USAGE = YES_ERROR;
				CLANG_WARN_EMPTY_BODY = YES;
				CLANG_WARN_ENUM_CONVERSION = YES;
				CLANG_WARN_INT_CONVERSION = YES;
				CLANG_WARN_OBJC_ROOT_CLASS = YES_ERROR;
				CLANG_WARN__DUPLICATE_METHOD_MATCH = YES;
				"CODE_SIGN_IDENTITY[sdk=iphoneos*]" = "iPhone Developer";
				COPY_PHASE_STRIP = YES;
				ENABLE_NS_ASSERTIONS = NO;
				GCC_C_LANGUAGE_STANDARD = gnu99;
				GCC_WARN_64_TO_32_BIT_CONVERSION = YES;
				GCC_WARN_ABOUT_RETURN_TYPE = YES_ERROR;
				GCC_WARN_UNDECLARED_SELECTOR = YES;
				GCC_WARN_UNINITIALIZED_AUTOS = YES;
				GCC_WARN_UNUSED_FUNCTION = YES;
				GCC_WARN_UNUSED_VARIABLE = YES;
				IPHONEOS_DEPLOYMENT_TARGET = 7.0;
				SDKROOT = iphoneos;
				VALIDATE_PRODUCT = YES;
			};
			name = Release;
		};
		88201B5A189D70A000CC298C /* Debug */ = {
			isa = XCBuildConfiguration;
			buildSettings = {
				ASSETCATALOG_COMPILER_APPICON_NAME = AppIcon;
				ASSETCATALOG_COMPILER_LAUNCHIMAGE_NAME = LaunchImage;
				GCC_PRECOMPILE_PREFIX_HEADER = YES;
				GCC_PREFIX_HEADER = "iOU/iOU-Prefix.pch";
				INFOPLIST_FILE = "iOU/iOU-Info.plist";
				PRODUCT_NAME = "$(TARGET_NAME)";
				WRAPPER_EXTENSION = app;
			};
			name = Debug;
		};
		88201B5B189D70A000CC298C /* Release */ = {
			isa = XCBuildConfiguration;
			buildSettings = {
				ASSETCATALOG_COMPILER_APPICON_NAME = AppIcon;
				ASSETCATALOG_COMPILER_LAUNCHIMAGE_NAME = LaunchImage;
				GCC_PRECOMPILE_PREFIX_HEADER = YES;
				GCC_PREFIX_HEADER = "iOU/iOU-Prefix.pch";
				INFOPLIST_FILE = "iOU/iOU-Info.plist";
				PRODUCT_NAME = "$(TARGET_NAME)";
				WRAPPER_EXTENSION = app;
			};
			name = Release;
		};
		88201B5D189D70A000CC298C /* Debug */ = {
			isa = XCBuildConfiguration;
			buildSettings = {
				ARCHS = "$(ARCHS_STANDARD_INCLUDING_64_BIT)";
				BUNDLE_LOADER = "$(BUILT_PRODUCTS_DIR)/iOU.app/iOU";
				FRAMEWORK_SEARCH_PATHS = (
					"$(SDKROOT)/Developer/Library/Frameworks",
					"$(inherited)",
					"$(DEVELOPER_FRAMEWORKS_DIR)",
				);
				GCC_PRECOMPILE_PREFIX_HEADER = YES;
				GCC_PREFIX_HEADER = "iOU/iOU-Prefix.pch";
				GCC_PREPROCESSOR_DEFINITIONS = (
					"DEBUG=1",
					"$(inherited)",
				);
				INFOPLIST_FILE = "iOUTests/iOUTests-Info.plist";
				PRODUCT_NAME = "$(TARGET_NAME)";
				TEST_HOST = "$(BUNDLE_LOADER)";
				WRAPPER_EXTENSION = xctest;
			};
			name = Debug;
		};
		88201B5E189D70A000CC298C /* Release */ = {
			isa = XCBuildConfiguration;
			buildSettings = {
				ARCHS = "$(ARCHS_STANDARD_INCLUDING_64_BIT)";
				BUNDLE_LOADER = "$(BUILT_PRODUCTS_DIR)/iOU.app/iOU";
				FRAMEWORK_SEARCH_PATHS = (
					"$(SDKROOT)/Developer/Library/Frameworks",
					"$(inherited)",
					"$(DEVELOPER_FRAMEWORKS_DIR)",
				);
				GCC_PRECOMPILE_PREFIX_HEADER = YES;
				GCC_PREFIX_HEADER = "iOU/iOU-Prefix.pch";
				INFOPLIST_FILE = "iOUTests/iOUTests-Info.plist";
				PRODUCT_NAME = "$(TARGET_NAME)";
				TEST_HOST = "$(BUNDLE_LOADER)";
				WRAPPER_EXTENSION = xctest;
			};
			name = Release;
		};
/* End XCBuildConfiguration section */

/* Begin XCConfigurationList section */
		88201B22189D70A000CC298C /* Build configuration list for PBXProject "iOU" */ = {
			isa = XCConfigurationList;
			buildConfigurations = (
				88201B57189D70A000CC298C /* Debug */,
				88201B58189D70A000CC298C /* Release */,
			);
			defaultConfigurationIsVisible = 0;
			defaultConfigurationName = Release;
		};
		88201B59189D70A000CC298C /* Build configuration list for PBXNativeTarget "iOU" */ = {
			isa = XCConfigurationList;
			buildConfigurations = (
				88201B5A189D70A000CC298C /* Debug */,
				88201B5B189D70A000CC298C /* Release */,
			);
			defaultConfigurationIsVisible = 0;
			defaultConfigurationName = Release;
		};
		88201B5C189D70A000CC298C /* Build configuration list for PBXNativeTarget "iOUTests" */ = {
			isa = XCConfigurationList;
			buildConfigurations = (
				88201B5D189D70A000CC298C /* Debug */,
				88201B5E189D70A000CC298C /* Release */,
			);
			defaultConfigurationIsVisible = 0;
			defaultConfigurationName = Release;
		};
/* End XCConfigurationList section */

/* Begin XCVersionGroup section */
		88201B3E189D70A000CC298C /* iOU.xcdatamodeld */ = {
			isa = XCVersionGroup;
			children = (
				88201B3F189D70A000CC298C /* iOU.xcdatamodel */,
			);
			currentVersion = 88201B3F189D70A000CC298C /* iOU.xcdatamodel */;
			path = iOU.xcdatamodeld;
			sourceTree = "<group>";
			versionGroupType = wrapper.xcdatamodel;
		};
/* End XCVersionGroup section */
	};
	rootObject = 88201B1F189D70A000CC298C /* Project object */;
}
